
Microsoft Visual Studio Solution File, Format Version 12.00
# Visual Studio Version 17
VisualStudioVersion = 17.12.35728.132
MinimumVisualStudioVersion = 10.0.40219.1
Project("{2150E333-8FDC-42A3-9474-1A3956D46DE8}") = "Solution Items", "Solution Items", "{95A4EB51-30F1-4AC1-A092-407AEA170651}"
	ProjectSection(SolutionItems) = preProject
		.editorconfig = .editorconfig
		README.md = README.md
	EndProjectSection
EndProject
Project("{2150E333-8FDC-42A3-9474-1A3956D46DE8}") = "src", "src", "{0E601668-CE36-44CD-8E23-2D1ECB0E49C3}"
EndProject
Project("{2150E333-8FDC-42A3-9474-1A3956D46DE8}") = "Modules", "Modules", "{0CBC9C3B-97D0-436C-809B-C129C12F3900}"
EndProject
Project("{2150E333-8FDC-42A3-9474-1A3956D46DE8}") = "Users", "Users", "{894DCB7B-1227-4076-A213-5753527ED7FD}"
EndProject
Project("{2150E333-8FDC-42A3-9474-1A3956D46DE8}") = "Chats", "Chats", "{BCA5F448-CACC-4692-9814-A82F112555F4}"
EndProject
Project("{2150E333-8FDC-42A3-9474-1A3956D46DE8}") = "Commons", "Commons", "{F53BB7B9-05F9-4799-A5BB-9743958814C1}"
EndProject
Project("{E53339B2-1760-4266-BCC7-CA923CBCF16C}") = "docker-compose", "docker-compose.dcproj", "{099E5588-E479-44C2-A006-27C44EDA4DAE}"
EndProject
Project("{FAE04EC0-301F-11D3-BF4B-00C04F79EFBC}") = "ThreadLike.Common.Application", "src\Commons\ThreadLike.Common.Application\ThreadLike.Common.Application.csproj", "{D56E4A84-806B-425F-A41E-B8F0A10A4000}"
EndProject
Project("{FAE04EC0-301F-11D3-BF4B-00C04F79EFBC}") = "ThreadLike.Common.Domain", "src\Commons\ThreadLike.Common.Domain\ThreadLike.Common.Domain.csproj", "{F98C72D2-61A1-4621-BF6B-16C6F7FD6DCD}"
EndProject
Project("{FAE04EC0-301F-11D3-BF4B-00C04F79EFBC}") = "ThreadLike.Common.Infrastructure", "src\Commons\ThreadLike.Common.Infrastructure\ThreadLike.Common.Infrastructure.csproj", "{107BE416-84C8-4775-A67F-4692AF10B074}"
EndProject
Project("{FAE04EC0-301F-11D3-BF4B-00C04F79EFBC}") = "ThreadLike.User.Api", "src\Modules\Users\ThreadLike.User.Api\ThreadLike.User.Api.csproj", "{36FB62E4-B4B7-43F3-95F4-31463B9A2E7D}"
EndProject
Project("{FAE04EC0-301F-11D3-BF4B-00C04F79EFBC}") = "ThreadLike.User.Domain", "src\Modules\Users\ThreadLike.User.Domain\ThreadLike.User.Domain.csproj", "{268B6102-7797-4FDB-8B98-B36CEB3BC296}"
EndProject
Project("{FAE04EC0-301F-11D3-BF4B-00C04F79EFBC}") = "ThreadLike.User.Application", "src\Modules\Users\ThreadLike.User.Application\ThreadLike.User.Application.csproj", "{D70A7A0A-B457-428B-B5B3-094B4DE81F00}"
EndProject
Project("{FAE04EC0-301F-11D3-BF4B-00C04F79EFBC}") = "ThreadLike.User.Infrastructure", "src\Modules\Users\ThreadLike.User.Infrastructure\ThreadLike.User.Infrastructure.csproj", "{DD038B2E-583A-44F9-A9C2-E51E76A46A12}"
EndProject
Project("{2150E333-8FDC-42A3-9474-1A3956D46DE8}") = "test", "test", "{694C9B06-AFC0-4689-A8DC-A880189F1101}"
EndProject
Project("{FAE04EC0-301F-11D3-BF4B-00C04F79EFBC}") = "ThreadLike.User.Unittest", "..\ThreadLike.User.Unittest\ThreadLike.User.Unittest.csproj", "{65BB68A7-FD4C-49E9-9282-1B1308751947}"
EndProject
Project("{FAE04EC0-301F-11D3-BF4B-00C04F79EFBC}") = "ThreadLike.Common.Api", "src\Commons\ThreadLike.Common.Api\ThreadLike.Common.Api.csproj", "{298B6386-C8AE-4983-9A9D-5843571A6E0E}"
EndProject
Project("{FAE04EC0-301F-11D3-BF4B-00C04F79EFBC}") = "ThreadLike.Common.Contracts", "src\Commons\ThreadLike.Common.Contracts\ThreadLike.Common.Contracts.csproj", "{8EEAB46F-68DB-4D6B-89D5-812A56913E31}"
EndProject
Project("{FAE04EC0-301F-11D3-BF4B-00C04F79EFBC}") = "ThreadLike.Chat.Api", "src\Modules\Chats\ThreadLike.Chat.Api\ThreadLike.Chat.Api.csproj", "{87FDFE5E-FC77-4D38-BA53-7C4C14A22FA0}"
EndProject
Project("{FAE04EC0-301F-11D3-BF4B-00C04F79EFBC}") = "ThreadLike.Chat.Infrastructure", "src\Modules\Chats\ThreadLike.Chat.Infrastructure\ThreadLike.Chat.Infrastructure.csproj", "{0FFEFF0C-8371-45D6-866D-5EF257D1B142}"
EndProject
Project("{FAE04EC0-301F-11D3-BF4B-00C04F79EFBC}") = "ThreadLike.Chat.Application", "src\Modules\Chats\ThreadLike.Chat.Application\ThreadLike.Chat.Application.csproj", "{8ACF6A84-4328-4BC1-AE08-08BFD94EFE25}"
EndProject
Project("{FAE04EC0-301F-11D3-BF4B-00C04F79EFBC}") = "ThreadLike.Chat.Domain", "src\Modules\Chats\ThreadLike.Chat.Domain\ThreadLike.Chat.Domain.csproj", "{3F92ADF2-8EF8-4790-A2A2-C1348B4B3201}"
EndProject
Project("{2150E333-8FDC-42A3-9474-1A3956D46DE8}") = "test", "test", "{02EA681E-C7D8-13C7-8484-4AC65E1B71E8}"
EndProject
Project("{FAE04EC0-301F-11D3-BF4B-00C04F79EFBC}") = "ThreadLike.Chat.IntegrationTest", "src\Modules\Chats\test\ThreadLike.Chat.IntegrationTest\ThreadLike.Chat.IntegrationTest.csproj", "{F9EBE52F-F59F-41B7-B439-FA2070E1D989}"
EndProject
Project("{FAE04EC0-301F-11D3-BF4B-00C04F79EFBC}") = "ThreadLike.Chat.UnitTest", "src\Modules\Chats\test\ThreadLike.Chat.UnitTest\ThreadLike.Chat.UnitTest.csproj", "{1A1F1717-B9CE-453B-9384-88F736EEB2F3}"
EndProject
Global
	GlobalSection(SolutionConfigurationPlatforms) = preSolution
		Debug|Any CPU = Debug|Any CPU
		Release|Any CPU = Release|Any CPU
	EndGlobalSection
	GlobalSection(ProjectConfigurationPlatforms) = postSolution
		{099E5588-E479-44C2-A006-27C44EDA4DAE}.Debug|Any CPU.ActiveCfg = Debug|Any CPU
		{099E5588-E479-44C2-A006-27C44EDA4DAE}.Debug|Any CPU.Build.0 = Debug|Any CPU
		{099E5588-E479-44C2-A006-27C44EDA4DAE}.Release|Any CPU.ActiveCfg = Release|Any CPU
		{099E5588-E479-44C2-A006-27C44EDA4DAE}.Release|Any CPU.Build.0 = Release|Any CPU
		{D56E4A84-806B-425F-A41E-B8F0A10A4000}.Debug|Any CPU.ActiveCfg = Debug|Any CPU
		{D56E4A84-806B-425F-A41E-B8F0A10A4000}.Debug|Any CPU.Build.0 = Debug|Any CPU
		{D56E4A84-806B-425F-A41E-B8F0A10A4000}.Release|Any CPU.ActiveCfg = Release|Any CPU
		{D56E4A84-806B-425F-A41E-B8F0A10A4000}.Release|Any CPU.Build.0 = Release|Any CPU
		{F98C72D2-61A1-4621-BF6B-16C6F7FD6DCD}.Debug|Any CPU.ActiveCfg = Debug|Any CPU
		{F98C72D2-61A1-4621-BF6B-16C6F7FD6DCD}.Debug|Any CPU.Build.0 = Debug|Any CPU
		{F98C72D2-61A1-4621-BF6B-16C6F7FD6DCD}.Release|Any CPU.ActiveCfg = Release|Any CPU
		{F98C72D2-61A1-4621-BF6B-16C6F7FD6DCD}.Release|Any CPU.Build.0 = Release|Any CPU
		{107BE416-84C8-4775-A67F-4692AF10B074}.Debug|Any CPU.ActiveCfg = Debug|Any CPU
		{107BE416-84C8-4775-A67F-4692AF10B074}.Debug|Any CPU.Build.0 = Debug|Any CPU
		{107BE416-84C8-4775-A67F-4692AF10B074}.Release|Any CPU.ActiveCfg = Release|Any CPU
		{107BE416-84C8-4775-A67F-4692AF10B074}.Release|Any CPU.Build.0 = Release|Any CPU
		{36FB62E4-B4B7-43F3-95F4-31463B9A2E7D}.Debug|Any CPU.ActiveCfg = Debug|Any CPU
		{36FB62E4-B4B7-43F3-95F4-31463B9A2E7D}.Debug|Any CPU.Build.0 = Debug|Any CPU
		{36FB62E4-B4B7-43F3-95F4-31463B9A2E7D}.Release|Any CPU.ActiveCfg = Release|Any CPU
		{36FB62E4-B4B7-43F3-95F4-31463B9A2E7D}.Release|Any CPU.Build.0 = Release|Any CPU
		{268B6102-7797-4FDB-8B98-B36CEB3BC296}.Debug|Any CPU.ActiveCfg = Debug|Any CPU
		{268B6102-7797-4FDB-8B98-B36CEB3BC296}.Debug|Any CPU.Build.0 = Debug|Any CPU
		{268B6102-7797-4FDB-8B98-B36CEB3BC296}.Release|Any CPU.ActiveCfg = Release|Any CPU
		{268B6102-7797-4FDB-8B98-B36CEB3BC296}.Release|Any CPU.Build.0 = Release|Any CPU
		{D70A7A0A-B457-428B-B5B3-094B4DE81F00}.Debug|Any CPU.ActiveCfg = Debug|Any CPU
		{D70A7A0A-B457-428B-B5B3-094B4DE81F00}.Debug|Any CPU.Build.0 = Debug|Any CPU
		{D70A7A0A-B457-428B-B5B3-094B4DE81F00}.Release|Any CPU.ActiveCfg = Release|Any CPU
		{D70A7A0A-B457-428B-B5B3-094B4DE81F00}.Release|Any CPU.Build.0 = Release|Any CPU
		{DD038B2E-583A-44F9-A9C2-E51E76A46A12}.Debug|Any CPU.ActiveCfg = Debug|Any CPU
		{DD038B2E-583A-44F9-A9C2-E51E76A46A12}.Debug|Any CPU.Build.0 = Debug|Any CPU
		{DD038B2E-583A-44F9-A9C2-E51E76A46A12}.Release|Any CPU.ActiveCfg = Release|Any CPU
		{DD038B2E-583A-44F9-A9C2-E51E76A46A12}.Release|Any CPU.Build.0 = Release|Any CPU
		{65BB68A7-FD4C-49E9-9282-1B1308751947}.Debug|Any CPU.ActiveCfg = Debug|Any CPU
		{65BB68A7-FD4C-49E9-9282-1B1308751947}.Debug|Any CPU.Build.0 = Debug|Any CPU
		{65BB68A7-FD4C-49E9-9282-1B1308751947}.Release|Any CPU.ActiveCfg = Release|Any CPU
		{65BB68A7-FD4C-49E9-9282-1B1308751947}.Release|Any CPU.Build.0 = Release|Any CPU
		{298B6386-C8AE-4983-9A9D-5843571A6E0E}.Debug|Any CPU.ActiveCfg = Debug|Any CPU
		{298B6386-C8AE-4983-9A9D-5843571A6E0E}.Debug|Any CPU.Build.0 = Debug|Any CPU
		{298B6386-C8AE-4983-9A9D-5843571A6E0E}.Release|Any CPU.ActiveCfg = Release|Any CPU
		{298B6386-C8AE-4983-9A9D-5843571A6E0E}.Release|Any CPU.Build.0 = Release|Any CPU
		{8EEAB46F-68DB-4D6B-89D5-812A56913E31}.Debug|Any CPU.ActiveCfg = Debug|Any CPU
		{8EEAB46F-68DB-4D6B-89D5-812A56913E31}.Debug|Any CPU.Build.0 = Debug|Any CPU
		{8EEAB46F-68DB-4D6B-89D5-812A56913E31}.Release|Any CPU.ActiveCfg = Release|Any CPU
		{8EEAB46F-68DB-4D6B-89D5-812A56913E31}.Release|Any CPU.Build.0 = Release|Any CPU
		{87FDFE5E-FC77-4D38-BA53-7C4C14A22FA0}.Debug|Any CPU.ActiveCfg = Debug|Any CPU
		{87FDFE5E-FC77-4D38-BA53-7C4C14A22FA0}.Debug|Any CPU.Build.0 = Debug|Any CPU
		{87FDFE5E-FC77-4D38-BA53-7C4C14A22FA0}.Release|Any CPU.ActiveCfg = Release|Any CPU
		{87FDFE5E-FC77-4D38-BA53-7C4C14A22FA0}.Release|Any CPU.Build.0 = Release|Any CPU
		{0FFEFF0C-8371-45D6-866D-5EF257D1B142}.Debug|Any CPU.ActiveCfg = Debug|Any CPU
		{0FFEFF0C-8371-45D6-866D-5EF257D1B142}.Debug|Any CPU.Build.0 = Debug|Any CPU
		{0FFEFF0C-8371-45D6-866D-5EF257D1B142}.Release|Any CPU.ActiveCfg = Release|Any CPU
		{0FFEFF0C-8371-45D6-866D-5EF257D1B142}.Release|Any CPU.Build.0 = Release|Any CPU
		{8ACF6A84-4328-4BC1-AE08-08BFD94EFE25}.Debug|Any CPU.ActiveCfg = Debug|Any CPU
		{8ACF6A84-4328-4BC1-AE08-08BFD94EFE25}.Debug|Any CPU.Build.0 = Debug|Any CPU
		{8ACF6A84-4328-4BC1-AE08-08BFD94EFE25}.Release|Any CPU.ActiveCfg = Release|Any CPU
		{8ACF6A84-4328-4BC1-AE08-08BFD94EFE25}.Release|Any CPU.Build.0 = Release|Any CPU
		{3F92ADF2-8EF8-4790-A2A2-C1348B4B3201}.Debug|Any CPU.ActiveCfg = Debug|Any CPU
		{3F92ADF2-8EF8-4790-A2A2-C1348B4B3201}.Debug|Any CPU.Build.0 = Debug|Any CPU
		{3F92ADF2-8EF8-4790-A2A2-C1348B4B3201}.Release|Any CPU.ActiveCfg = Release|Any CPU
		{3F92ADF2-8EF8-4790-A2A2-C1348B4B3201}.Release|Any CPU.Build.0 = Release|Any CPU
		{F9EBE52F-F59F-41B7-B439-FA2070E1D989}.Debug|Any CPU.ActiveCfg = Debug|Any CPU
		{F9EBE52F-F59F-41B7-B439-FA2070E1D989}.Debug|Any CPU.Build.0 = Debug|Any CPU
		{F9EBE52F-F59F-41B7-B439-FA2070E1D989}.Release|Any CPU.ActiveCfg = Release|Any CPU
		{F9EBE52F-F59F-41B7-B439-FA2070E1D989}.Release|Any CPU.Build.0 = Release|Any CPU
		{1A1F1717-B9CE-453B-9384-88F736EEB2F3}.Debug|Any CPU.ActiveCfg = Debug|Any CPU
		{1A1F1717-B9CE-453B-9384-88F736EEB2F3}.Debug|Any CPU.Build.0 = Debug|Any CPU
		{1A1F1717-B9CE-453B-9384-88F736EEB2F3}.Release|Any CPU.ActiveCfg = Release|Any CPU
		{1A1F1717-B9CE-453B-9384-88F736EEB2F3}.Release|Any CPU.Build.0 = Release|Any CPU
	EndGlobalSection
	GlobalSection(SolutionProperties) = preSolution
		HideSolutionNode = FALSE
	EndGlobalSection
	GlobalSection(NestedProjects) = preSolution
		{0CBC9C3B-97D0-436C-809B-C129C12F3900} = {0E601668-CE36-44CD-8E23-2D1ECB0E49C3}
		{894DCB7B-1227-4076-A213-5753527ED7FD} = {0CBC9C3B-97D0-436C-809B-C129C12F3900}
		{BCA5F448-CACC-4692-9814-A82F112555F4} = {0CBC9C3B-97D0-436C-809B-C129C12F3900}
		{F53BB7B9-05F9-4799-A5BB-9743958814C1} = {0E601668-CE36-44CD-8E23-2D1ECB0E49C3}
		{D56E4A84-806B-425F-A41E-B8F0A10A4000} = {F53BB7B9-05F9-4799-A5BB-9743958814C1}
		{F98C72D2-61A1-4621-BF6B-16C6F7FD6DCD} = {F53BB7B9-05F9-4799-A5BB-9743958814C1}
		{107BE416-84C8-4775-A67F-4692AF10B074} = {F53BB7B9-05F9-4799-A5BB-9743958814C1}
		{36FB62E4-B4B7-43F3-95F4-31463B9A2E7D} = {894DCB7B-1227-4076-A213-5753527ED7FD}
		{268B6102-7797-4FDB-8B98-B36CEB3BC296} = {894DCB7B-1227-4076-A213-5753527ED7FD}
		{D70A7A0A-B457-428B-B5B3-094B4DE81F00} = {894DCB7B-1227-4076-A213-5753527ED7FD}
		{DD038B2E-583A-44F9-A9C2-E51E76A46A12} = {894DCB7B-1227-4076-A213-5753527ED7FD}
		{694C9B06-AFC0-4689-A8DC-A880189F1101} = {894DCB7B-1227-4076-A213-5753527ED7FD}
		{65BB68A7-FD4C-49E9-9282-1B1308751947} = {694C9B06-AFC0-4689-A8DC-A880189F1101}
		{298B6386-C8AE-4983-9A9D-5843571A6E0E} = {F53BB7B9-05F9-4799-A5BB-9743958814C1}
		{8EEAB46F-68DB-4D6B-89D5-812A56913E31} = {F53BB7B9-05F9-4799-A5BB-9743958814C1}
		{87FDFE5E-FC77-4D38-BA53-7C4C14A22FA0} = {BCA5F448-CACC-4692-9814-A82F112555F4}
		{0FFEFF0C-8371-45D6-866D-5EF257D1B142} = {BCA5F448-CACC-4692-9814-A82F112555F4}
		{8ACF6A84-4328-4BC1-AE08-08BFD94EFE25} = {BCA5F448-CACC-4692-9814-A82F112555F4}
		{3F92ADF2-8EF8-4790-A2A2-C1348B4B3201} = {BCA5F448-CACC-4692-9814-A82F112555F4}
		{02EA681E-C7D8-13C7-8484-4AC65E1B71E8} = {BCA5F448-CACC-4692-9814-A82F112555F4}
		{F9EBE52F-F59F-41B7-B439-FA2070E1D989} = {02EA681E-C7D8-13C7-8484-4AC65E1B71E8}
		{1A1F1717-B9CE-453B-9384-88F736EEB2F3} = {02EA681E-C7D8-13C7-8484-4AC65E1B71E8}
	EndGlobalSection
	GlobalSection(ExtensibilityGlobals) = postSolution
		SolutionGuid = {D47CD937-81CF-4CB4-AE04-8EAB84A71AD0}
	EndGlobalSection
EndGlobal
